PODS:
  - Alamofire (4.2.0)
  - Crashlytics (3.8.3):
    - Fabric (~> 1.6.3)
  - Fabric (1.6.10)
  - Freddy (3.0.0)
  - HCYoutubeParser (0.0.5)
  - Hue (2.0.1)
  - KeenClientTD (3.2.25)
  - Keys (1.0.0)
  - Kingfisher (3.2.4)
  - Nimble (7.0.3)
  - Quick (1.2.0)
  - R.swift (3.2.0):
    - R.swift.Library (~> 3.0.2)
  - R.swift.Library (3.0.2)
  - TreasureData-tvOS-SDK (0.1.14):
    - KeenClientTD (= 3.2.25)

DEPENDENCIES:
  - Alamofire (~> 4.2.0)
  - Crashlytics
  - Fabric
  - Freddy (~> 3.0.0)
  - HCYoutubeParser
  - Hue (~> 2.0.0)
  - Keys (from `Pods/CocoaPodsKeys`)
  - Kingfisher (~> 3.2.0)
  - Nimble
  - Quick
  - R.swift (~> 3.2.0)
  - TreasureData-tvOS-SDK (= 0.1.14)

EXTERNAL SOURCES:
  Keys:
    :path: Pods/CocoaPodsKeys

SPEC CHECKSUMS:
  Alamofire: aa2e09d871c9160ac53c90e83c68064a94e3dfbe
  Crashlytics: 2b6dbe138a42395577cfa73dfa1aa7248cadf39e
  Fabric: c73f371ee543e3f0b80608f2674750e4910d1669
  Freddy: 367f994c88a90dd3987293b4b1bec94a4530745a
  HCYoutubeParser: bc1db8c062e4b835eda381f2be2f9970f6a8d071
  Hue: 354caec055fdc9d38b5ef33ca2e7224721843baf
  KeenClientTD: ffe8b9a67e71643f59a9fda7ce51941ed5c49a42
  Keys: 9c35bf00f612ee1d48556f4a4b9b4551e224e90f
  Kingfisher: 8d80f39da403cd9c9ee11984e1655f4d6a566cdb
  Nimble: 7f5a9c447a33002645a071bddafbfb24ea70e0ac
  Quick: 58d203b1c5e27fff7229c4c1ae445ad7069a7a08
  R.swift: 207a372a2b5977caef440c696a368009460641d1
  R.swift.Library: fbdec16c9802ad104fc1ba53415dc190e6ec5c73
  TreasureData-tvOS-SDK: 18c6a68471e6df592ed5c50bf2c07507ee6e3b77

PODFILE CHECKSUM: 474e81b3e6412474272b160b7bf8ef5105774c9b

COCOAPODS: 1.3.1
