// !$*UTF8*$!
{
	archiveVersion = 1;
	classes = {
	};
	objectVersion = 46;
	objects = {

/* Begin PBXBuildFile section */
		4F86E61B246A5C3C0019A283 /* LaunchScreen.storyboard in Resources */ = {isa = PBXBuildFile; fileRef = 4F86E61A246A5C3C0019A283 /* LaunchScreen.storyboard */; };
		89874964101F3026F3D3CF98 /* Pods_iCookTV_iCookTVTests.framework in Frameworks */ = {isa = PBXBuildFile; fileRef = CCC5F61AC4253D5EB2FF6C5F /* Pods_iCookTV_iCookTVTests.framework */; };
		B500D99F1CB93D0600622198 /* MainMenuView.swift in Sources */ = {isa = PBXBuildFile; fileRef = B500D99E1CB93D0600622198 /* MainMenuView.swift */; };
		B500D9A11CB93D8100622198 /* MenuButton.swift in Sources */ = {isa = PBXBuildFile; fileRef = B500D9A01CB93D8100622198 /* MenuButton.swift */; };
		B500D9A61CB94B5D00622198 /* Localizable.strings in Resources */ = {isa = PBXBuildFile; fileRef = B500D9A81CB94B5D00622198 /* Localizable.strings */; };
		B500D9AF1CBA3B7900622198 /* LaunchViewController.swift in Sources */ = {isa = PBXBuildFile; fileRef = B500D9AE1CBA3B7900622198 /* LaunchViewController.swift */; };
		B50A202B1DC4B53C00ACBF1B /* LoadingIndicatorPresentable.swift in Sources */ = {isa = PBXBuildFile; fileRef = B50A202A1DC4B53C00ACBF1B /* LoadingIndicatorPresentable.swift */; };
		B50BFC051CC88FA3004F853D /* Debug.swift in Sources */ = {isa = PBXBuildFile; fileRef = B50BFC041CC88FA3004F853D /* Debug.swift */; };
		B50BFC071CC8AF14004F853D /* HistoryViewController.swift in Sources */ = {isa = PBXBuildFile; fileRef = B50BFC061CC8AF14004F853D /* HistoryViewController.swift */; };
		B516E78B1D54D73B00A3FCB9 /* SourceType.swift in Sources */ = {isa = PBXBuildFile; fileRef = B516E78A1D54D73B00A3FCB9 /* SourceType.swift */; };
		B51A95391CCF1C5100E5ED97 /* iCookTVKeys.swift in Sources */ = {isa = PBXBuildFile; fileRef = B51A95381CCF1C5100E5ED97 /* iCookTVKeys.swift */; };
		B52BD6731D5F910D0023D4E9 /* VideosCollection.swift in Sources */ = {isa = PBXBuildFile; fileRef = B52BD6721D5F910D0023D4E9 /* VideosCollection.swift */; };
		B52BD6751D5F94320023D4E9 /* DataCollection.swift in Sources */ = {isa = PBXBuildFile; fileRef = B52BD6741D5F94320023D4E9 /* DataCollection.swift */; };
		B52BD6771D5FA2570023D4E9 /* CategoriesCollection.swift in Sources */ = {isa = PBXBuildFile; fileRef = B52BD6761D5FA2570023D4E9 /* CategoriesCollection.swift */; };
		B52BD6791D6024D30023D4E9 /* DataSource.swift in Sources */ = {isa = PBXBuildFile; fileRef = B52BD6781D6024D30023D4E9 /* DataSource.swift */; };
		B52BD67F1D6034A10023D4E9 /* DataSourceSpec.swift in Sources */ = {isa = PBXBuildFile; fileRef = B52BD67E1D6034A10023D4E9 /* DataSourceSpec.swift */; };
		B52BD6811D60B62E0023D4E9 /* DataCollectionSpec.swift in Sources */ = {isa = PBXBuildFile; fileRef = B52BD6801D60B62E0023D4E9 /* DataCollectionSpec.swift */; };
		B52EC3B11CB26F1B0072762C /* CGRect+Grid.swift in Sources */ = {isa = PBXBuildFile; fileRef = B52EC3B01CB26F1B0072762C /* CGRect+Grid.swift */; };
		B52EC3B31CB3A02E0072762C /* UIFont+TV.swift in Sources */ = {isa = PBXBuildFile; fileRef = B52EC3B21CB3A02E0072762C /* UIFont+TV.swift */; };
		B53115931CC69E7C00E75292 /* HistoryManager.swift in Sources */ = {isa = PBXBuildFile; fileRef = B53115921CC69E7C00E75292 /* HistoryManager.swift */; };
		B53E39781CA1494000EB1EEE /* UIColor+TV.swift in Sources */ = {isa = PBXBuildFile; fileRef = B53E39771CA1494000EB1EEE /* UIColor+TV.swift */; };
		B53E397B1CA14B4200EB1EEE /* CategoriesViewController.swift in Sources */ = {isa = PBXBuildFile; fileRef = B53E397A1CA14B4200EB1EEE /* CategoriesViewController.swift */; };
		B543C3EA1CD1E85E008C512B /* OverlayViewPresentable.swift in Sources */ = {isa = PBXBuildFile; fileRef = B543C3E91CD1E85E008C512B /* OverlayViewPresentable.swift */; };
		B543C3ED1CD1EF26008C512B /* EmptyStateView.swift in Sources */ = {isa = PBXBuildFile; fileRef = B543C3EC1CD1EF26008C512B /* EmptyStateView.swift */; };
		B543C3EF1CD1FD0B008C512B /* GroundControl.swift in Sources */ = {isa = PBXBuildFile; fileRef = B543C3EE1CD1FD0B008C512B /* GroundControl.swift */; };
		B543C3F11CD21530008C512B /* Tracker.swift in Sources */ = {isa = PBXBuildFile; fileRef = B543C3F01CD21530008C512B /* Tracker.swift */; };
		B543C3F31CD34419008C512B /* Video+PlayerItem.swift in Sources */ = {isa = PBXBuildFile; fileRef = B543C3F21CD34419008C512B /* Video+PlayerItem.swift */; };
		B546053A1DDB482A00208D37 /* DataRequest+Result.swift in Sources */ = {isa = PBXBuildFile; fileRef = B54605391DDB482A00208D37 /* DataRequest+Result.swift */; };
		B5501BE31CD74206001C3281 /* TrackableNavigationController.swift in Sources */ = {isa = PBXBuildFile; fileRef = B5501BE21CD74206001C3281 /* TrackableNavigationController.swift */; };
		B5501BE91CD8ACEC001C3281 /* Trackable.swift in Sources */ = {isa = PBXBuildFile; fileRef = B5501BE81CD8ACEC001C3281 /* Trackable.swift */; };
		B55BF7E71DC5B7F400EE20BD /* Reusable.swift in Sources */ = {isa = PBXBuildFile; fileRef = B55BF7E61DC5B7F400EE20BD /* Reusable.swift */; };
		B55BF7E91DC5C3C400EE20BD /* DropdownMenuPresentable.swift in Sources */ = {isa = PBXBuildFile; fileRef = B55BF7E81DC5C3C400EE20BD /* DropdownMenuPresentable.swift */; };
		B56D0E261CBC0C1900B92F73 /* UIViewController+Alert.swift in Sources */ = {isa = PBXBuildFile; fileRef = B56D0E251CBC0C1900B92F73 /* UIViewController+Alert.swift */; };
		B56D68E91CA564B00097D5D7 /* Category.swift in Sources */ = {isa = PBXBuildFile; fileRef = B56D68E81CA564B00097D5D7 /* Category.swift */; };
		B5761A531CCF4D3D008CCC08 /* CategorySpec.swift in Sources */ = {isa = PBXBuildFile; fileRef = B5761A521CCF4D3D008CCC08 /* CategorySpec.swift */; };
		B5761A561CCF5569008CCC08 /* Category.json in Resources */ = {isa = PBXBuildFile; fileRef = B5761A551CCF5569008CCC08 /* Category.json */; };
		B5761A581CCF5752008CCC08 /* ResourceHelper.swift in Sources */ = {isa = PBXBuildFile; fileRef = B5761A571CCF5752008CCC08 /* ResourceHelper.swift */; };
		B5761A5A1CCF6CCD008CCC08 /* VideoSpec.swift in Sources */ = {isa = PBXBuildFile; fileRef = B5761A591CCF6CCD008CCC08 /* VideoSpec.swift */; };
		B5761A5C1CCF6D78008CCC08 /* Video.json in Resources */ = {isa = PBXBuildFile; fileRef = B5761A5B1CCF6D78008CCC08 /* Video.json */; };
		B57C930A22FF149800BBAC40 /* KeyPathDecoding.swift in Sources */ = {isa = PBXBuildFile; fileRef = B53CD05422FEFF1C00492E27 /* KeyPathDecoding.swift */; };
		B586EFDB1CCA21B300EA8218 /* InsetLabel.swift in Sources */ = {isa = PBXBuildFile; fileRef = B586EFDA1CCA21B300EA8218 /* InsetLabel.swift */; };
		B58DE38B1CB8B54200C00266 /* CoverBuilder.swift in Sources */ = {isa = PBXBuildFile; fileRef = B58DE38A1CB8B54200C00266 /* CoverBuilder.swift */; };
		B58E906D1D5F806600AC184D /* VideosDataSource.swift in Sources */ = {isa = PBXBuildFile; fileRef = B58E906C1D5F806600AC184D /* VideosDataSource.swift */; };
		B594CB3B1D53998900CB5630 /* CategoriesDataSource.swift in Sources */ = {isa = PBXBuildFile; fileRef = B594CB3A1D53998900CB5630 /* CategoriesDataSource.swift */; };
		B5A614F71CCA05B4004A3CD5 /* InfoPlist.strings in Resources */ = {isa = PBXBuildFile; fileRef = B5A614F91CCA05B4004A3CD5 /* InfoPlist.strings */; };
		B5A8F7091CA259120069F836 /* CategoryCell.swift in Sources */ = {isa = PBXBuildFile; fileRef = B5A8F7081CA259120069F836 /* CategoryCell.swift */; };
		B5AEEE321C82D4BC001CF112 /* Metrics.swift in Sources */ = {isa = PBXBuildFile; fileRef = B5AEEE311C82D4BC001CF112 /* Metrics.swift */; };
		B5BA61891C77431400548B38 /* VideoCell.swift in Sources */ = {isa = PBXBuildFile; fileRef = B5BA61881C77431400548B38 /* VideoCell.swift */; };
		B5BA618B1C7748B900548B38 /* Video.swift in Sources */ = {isa = PBXBuildFile; fileRef = B5BA618A1C7748B900548B38 /* Video.swift */; };
		B5BA618D1C774BC400548B38 /* VideoPlayerController.swift in Sources */ = {isa = PBXBuildFile; fileRef = B5BA618C1C774BC400548B38 /* VideoPlayerController.swift */; };
		B5C591151CA04BA50096B985 /* SectionHeaderView.swift in Sources */ = {isa = PBXBuildFile; fileRef = B5C591141CA04BA50096B985 /* SectionHeaderView.swift */; };
		B5C79B161DBFBCF80069837A /* BlurBackgroundPresentable.swift in Sources */ = {isa = PBXBuildFile; fileRef = B5C79B151DBFBCF80069837A /* BlurBackgroundPresentable.swift */; };
		B5C85D041CA97981000AE0CF /* UIImage+Grid.swift in Sources */ = {isa = PBXBuildFile; fileRef = B5C85D031CA97981000AE0CF /* UIImage+Grid.swift */; };
		B5DA8EDE1CB3BD1B0068E0E3 /* MenuView.swift in Sources */ = {isa = PBXBuildFile; fileRef = B5DA8EDD1CB3BD1B0068E0E3 /* MenuView.swift */; };
		B5DCF9341C985E1600D19FC0 /* VideosViewController.swift in Sources */ = {isa = PBXBuildFile; fileRef = B5DCF9331C985E1600D19FC0 /* VideosViewController.swift */; };
		B5EE17501DC509B8009DA1AE /* DataFetching.swift in Sources */ = {isa = PBXBuildFile; fileRef = B5EE174F1DC509B8009DA1AE /* DataFetching.swift */; };
		B5EFE6C21DC600FF00236D1A /* VideosGridLayout.swift in Sources */ = {isa = PBXBuildFile; fileRef = B5EFE6C11DC600FF00236D1A /* VideosGridLayout.swift */; };
		B5F7BF4C1BA9C95F00A75099 /* AppDelegate.swift in Sources */ = {isa = PBXBuildFile; fileRef = B5F7BF4B1BA9C95F00A75099 /* AppDelegate.swift */; };
		B5F7BF531BA9C95F00A75099 /* Assets.xcassets in Resources */ = {isa = PBXBuildFile; fileRef = B5F7BF521BA9C95F00A75099 /* Assets.xcassets */; };
		E0CC9B4F972579066B42862A /* Pods_iCookTV.framework in Frameworks */ = {isa = PBXBuildFile; fileRef = 1068EAEDE861A2EEA0CF2228 /* Pods_iCookTV.framework */; };
		E3C7640A2454A82F009A151C /* GoogleService-Info.plist in Resources */ = {isa = PBXBuildFile; fileRef = E3C764092454A82F009A151C /* GoogleService-Info.plist */; };
/* End PBXBuildFile section */

/* Begin PBXContainerItemProxy section */
		B5F7BF5A1BA9C95F00A75099 /* PBXContainerItemProxy */ = {
			isa = PBXContainerItemProxy;
			containerPortal = B5F7BF401BA9C95F00A75099 /* Project object */;
			proxyType = 1;
			remoteGlobalIDString = B5F7BF471BA9C95F00A75099;
			remoteInfo = iCookTV;
		};
/* End PBXContainerItemProxy section */

/* Begin PBXFileReference section */
		1068EAEDE861A2EEA0CF2228 /* Pods_iCookTV.framework */ = {isa = PBXFileReference; explicitFileType = wrapper.framework; includeInIndex = 0; path = Pods_iCookTV.framework; sourceTree = BUILT_PRODUCTS_DIR; };
		119537385ADCF0545C748A21 /* Pods-iCookTV.release.xcconfig */ = {isa = PBXFileReference; includeInIndex = 1; lastKnownFileType = text.xcconfig; name = "Pods-iCookTV.release.xcconfig"; path = "Pods/Target Support Files/Pods-iCookTV/Pods-iCookTV.release.xcconfig"; sourceTree = "<group>"; };
		2737A7AA8DF6F01E50C7B981 /* Pods-iCookTV-iCookTVTests.debug.xcconfig */ = {isa = PBXFileReference; includeInIndex = 1; lastKnownFileType = text.xcconfig; name = "Pods-iCookTV-iCookTVTests.debug.xcconfig"; path = "Pods/Target Support Files/Pods-iCookTV-iCookTVTests/Pods-iCookTV-iCookTVTests.debug.xcconfig"; sourceTree = "<group>"; };
		3DD923198D3B9EC316862C17 /* Pods-iCookTV.debug.xcconfig */ = {isa = PBXFileReference; includeInIndex = 1; lastKnownFileType = text.xcconfig; name = "Pods-iCookTV.debug.xcconfig"; path = "Pods/Target Support Files/Pods-iCookTV/Pods-iCookTV.debug.xcconfig"; sourceTree = "<group>"; };
		4F86E61A246A5C3C0019A283 /* LaunchScreen.storyboard */ = {isa = PBXFileReference; lastKnownFileType = file.storyboard; path = LaunchScreen.storyboard; sourceTree = "<group>"; };
		9A3D1C41705680DAFFCD179E /* Pods.framework */ = {isa = PBXFileReference; explicitFileType = wrapper.framework; includeInIndex = 0; path = Pods.framework; sourceTree = BUILT_PRODUCTS_DIR; };
		B500D99E1CB93D0600622198 /* MainMenuView.swift */ = {isa = PBXFileReference; fileEncoding = 4; lastKnownFileType = sourcecode.swift; path = MainMenuView.swift; sourceTree = "<group>"; };
		B500D9A01CB93D8100622198 /* MenuButton.swift */ = {isa = PBXFileReference; fileEncoding = 4; lastKnownFileType = sourcecode.swift; path = MenuButton.swift; sourceTree = "<group>"; };
		B500D9A71CB94B5D00622198 /* en */ = {isa = PBXFileReference; lastKnownFileType = text.plist.strings; name = en; path = en.lproj/Localizable.strings; sourceTree = "<group>"; };
		B500D9A91CB94B6600622198 /* Base */ = {isa = PBXFileReference; lastKnownFileType = text.plist.strings; name = Base; path = Base.lproj/Localizable.strings; sourceTree = "<group>"; };
		B500D9AA1CB94BA400622198 /* zh-Hant */ = {isa = PBXFileReference; lastKnownFileType = text.plist.strings; name = "zh-Hant"; path = "zh-Hant.lproj/Localizable.strings"; sourceTree = "<group>"; };
		B500D9AE1CBA3B7900622198 /* LaunchViewController.swift */ = {isa = PBXFileReference; fileEncoding = 4; lastKnownFileType = sourcecode.swift; path = LaunchViewController.swift; sourceTree = "<group>"; };
		B50A202A1DC4B53C00ACBF1B /* LoadingIndicatorPresentable.swift */ = {isa = PBXFileReference; fileEncoding = 4; lastKnownFileType = sourcecode.swift; path = LoadingIndicatorPresentable.swift; sourceTree = "<group>"; };
		B50BFC041CC88FA3004F853D /* Debug.swift */ = {isa = PBXFileReference; fileEncoding = 4; lastKnownFileType = sourcecode.swift; path = Debug.swift; sourceTree = "<group>"; };
		B50BFC061CC8AF14004F853D /* HistoryViewController.swift */ = {isa = PBXFileReference; fileEncoding = 4; lastKnownFileType = sourcecode.swift; path = HistoryViewController.swift; sourceTree = "<group>"; };
		B516E78A1D54D73B00A3FCB9 /* SourceType.swift */ = {isa = PBXFileReference; fileEncoding = 4; lastKnownFileType = sourcecode.swift; path = SourceType.swift; sourceTree = "<group>"; };
		B51A95381CCF1C5100E5ED97 /* iCookTVKeys.swift */ = {isa = PBXFileReference; fileEncoding = 4; lastKnownFileType = sourcecode.swift; path = iCookTVKeys.swift; sourceTree = "<group>"; };
		B52BD6721D5F910D0023D4E9 /* VideosCollection.swift */ = {isa = PBXFileReference; fileEncoding = 4; lastKnownFileType = sourcecode.swift; path = VideosCollection.swift; sourceTree = "<group>"; };
		B52BD6741D5F94320023D4E9 /* DataCollection.swift */ = {isa = PBXFileReference; fileEncoding = 4; lastKnownFileType = sourcecode.swift; path = DataCollection.swift; sourceTree = "<group>"; };
		B52BD6761D5FA2570023D4E9 /* CategoriesCollection.swift */ = {isa = PBXFileReference; fileEncoding = 4; lastKnownFileType = sourcecode.swift; path = CategoriesCollection.swift; sourceTree = "<group>"; };
		B52BD6781D6024D30023D4E9 /* DataSource.swift */ = {isa = PBXFileReference; fileEncoding = 4; lastKnownFileType = sourcecode.swift; path = DataSource.swift; sourceTree = "<group>"; };
		B52BD67E1D6034A10023D4E9 /* DataSourceSpec.swift */ = {isa = PBXFileReference; fileEncoding = 4; lastKnownFileType = sourcecode.swift; path = DataSourceSpec.swift; sourceTree = "<group>"; };
		B52BD6801D60B62E0023D4E9 /* DataCollectionSpec.swift */ = {isa = PBXFileReference; fileEncoding = 4; lastKnownFileType = sourcecode.swift; path = DataCollectionSpec.swift; sourceTree = "<group>"; };
		B52EC3B01CB26F1B0072762C /* CGRect+Grid.swift */ = {isa = PBXFileReference; fileEncoding = 4; lastKnownFileType = sourcecode.swift; path = "CGRect+Grid.swift"; sourceTree = "<group>"; };
		B52EC3B21CB3A02E0072762C /* UIFont+TV.swift */ = {isa = PBXFileReference; fileEncoding = 4; lastKnownFileType = sourcecode.swift; path = "UIFont+TV.swift"; sourceTree = "<group>"; };
		B53115921CC69E7C00E75292 /* HistoryManager.swift */ = {isa = PBXFileReference; fileEncoding = 4; lastKnownFileType = sourcecode.swift; path = HistoryManager.swift; sourceTree = "<group>"; };
		B53CD05422FEFF1C00492E27 /* KeyPathDecoding.swift */ = {isa = PBXFileReference; lastKnownFileType = sourcecode.swift; path = KeyPathDecoding.swift; sourceTree = "<group>"; };
		B53E39771CA1494000EB1EEE /* UIColor+TV.swift */ = {isa = PBXFileReference; fileEncoding = 4; lastKnownFileType = sourcecode.swift; path = "UIColor+TV.swift"; sourceTree = "<group>"; };
		B53E397A1CA14B4200EB1EEE /* CategoriesViewController.swift */ = {isa = PBXFileReference; fileEncoding = 4; lastKnownFileType = sourcecode.swift; path = CategoriesViewController.swift; sourceTree = "<group>"; };
		B543C3E91CD1E85E008C512B /* OverlayViewPresentable.swift */ = {isa = PBXFileReference; fileEncoding = 4; lastKnownFileType = sourcecode.swift; path = OverlayViewPresentable.swift; sourceTree = "<group>"; };
		B543C3EC1CD1EF26008C512B /* EmptyStateView.swift */ = {isa = PBXFileReference; fileEncoding = 4; lastKnownFileType = sourcecode.swift; path = EmptyStateView.swift; sourceTree = "<group>"; };
		B543C3EE1CD1FD0B008C512B /* GroundControl.swift */ = {isa = PBXFileReference; fileEncoding = 4; lastKnownFileType = sourcecode.swift; path = GroundControl.swift; sourceTree = "<group>"; };
		B543C3F01CD21530008C512B /* Tracker.swift */ = {isa = PBXFileReference; fileEncoding = 4; lastKnownFileType = sourcecode.swift; path = Tracker.swift; sourceTree = "<group>"; };
		B543C3F21CD34419008C512B /* Video+PlayerItem.swift */ = {isa = PBXFileReference; fileEncoding = 4; lastKnownFileType = sourcecode.swift; path = "Video+PlayerItem.swift"; sourceTree = "<group>"; };
		B54605391DDB482A00208D37 /* DataRequest+Result.swift */ = {isa = PBXFileReference; fileEncoding = 4; lastKnownFileType = sourcecode.swift; path = "DataRequest+Result.swift"; sourceTree = "<group>"; };
		B5501BE21CD74206001C3281 /* TrackableNavigationController.swift */ = {isa = PBXFileReference; fileEncoding = 4; lastKnownFileType = sourcecode.swift; path = TrackableNavigationController.swift; sourceTree = "<group>"; };
		B5501BE81CD8ACEC001C3281 /* Trackable.swift */ = {isa = PBXFileReference; fileEncoding = 4; lastKnownFileType = sourcecode.swift; path = Trackable.swift; sourceTree = "<group>"; };
		B55BF7E61DC5B7F400EE20BD /* Reusable.swift */ = {isa = PBXFileReference; fileEncoding = 4; lastKnownFileType = sourcecode.swift; path = Reusable.swift; sourceTree = "<group>"; };
		B55BF7E81DC5C3C400EE20BD /* DropdownMenuPresentable.swift */ = {isa = PBXFileReference; fileEncoding = 4; lastKnownFileType = sourcecode.swift; path = DropdownMenuPresentable.swift; sourceTree = "<group>"; };
		B56D0E251CBC0C1900B92F73 /* UIViewController+Alert.swift */ = {isa = PBXFileReference; fileEncoding = 4; lastKnownFileType = sourcecode.swift; path = "UIViewController+Alert.swift"; sourceTree = "<group>"; };
		B56D68E81CA564B00097D5D7 /* Category.swift */ = {isa = PBXFileReference; fileEncoding = 4; lastKnownFileType = sourcecode.swift; path = Category.swift; sourceTree = "<group>"; };
		B5761A521CCF4D3D008CCC08 /* CategorySpec.swift */ = {isa = PBXFileReference; fileEncoding = 4; lastKnownFileType = sourcecode.swift; path = CategorySpec.swift; sourceTree = "<group>"; };
		B5761A551CCF5569008CCC08 /* Category.json */ = {isa = PBXFileReference; fileEncoding = 4; lastKnownFileType = text.json; path = Category.json; sourceTree = "<group>"; };
		B5761A571CCF5752008CCC08 /* ResourceHelper.swift */ = {isa = PBXFileReference; fileEncoding = 4; lastKnownFileType = sourcecode.swift; path = ResourceHelper.swift; sourceTree = "<group>"; };
		B5761A591CCF6CCD008CCC08 /* VideoSpec.swift */ = {isa = PBXFileReference; fileEncoding = 4; lastKnownFileType = sourcecode.swift; path = VideoSpec.swift; sourceTree = "<group>"; };
		B5761A5B1CCF6D78008CCC08 /* Video.json */ = {isa = PBXFileReference; fileEncoding = 4; lastKnownFileType = text.json; path = Video.json; sourceTree = "<group>"; };
		B586EFDA1CCA21B300EA8218 /* InsetLabel.swift */ = {isa = PBXFileReference; fileEncoding = 4; lastKnownFileType = sourcecode.swift; path = InsetLabel.swift; sourceTree = "<group>"; };
		B58DE38A1CB8B54200C00266 /* CoverBuilder.swift */ = {isa = PBXFileReference; fileEncoding = 4; lastKnownFileType = sourcecode.swift; path = CoverBuilder.swift; sourceTree = "<group>"; };
		B58E906C1D5F806600AC184D /* VideosDataSource.swift */ = {isa = PBXFileReference; fileEncoding = 4; lastKnownFileType = sourcecode.swift; path = VideosDataSource.swift; sourceTree = "<group>"; };
		B594CB3A1D53998900CB5630 /* CategoriesDataSource.swift */ = {isa = PBXFileReference; fileEncoding = 4; lastKnownFileType = sourcecode.swift; path = CategoriesDataSource.swift; sourceTree = "<group>"; };
		B5A614F81CCA05B4004A3CD5 /* Base */ = {isa = PBXFileReference; lastKnownFileType = text.plist.strings; name = Base; path = Base.lproj/InfoPlist.strings; sourceTree = "<group>"; };
		B5A614FA1CCA05B6004A3CD5 /* en */ = {isa = PBXFileReference; lastKnownFileType = text.plist.strings; name = en; path = en.lproj/InfoPlist.strings; sourceTree = "<group>"; };
		B5A614FB1CCA05B7004A3CD5 /* zh-Hant */ = {isa = PBXFileReference; lastKnownFileType = text.plist.strings; name = "zh-Hant"; path = "zh-Hant.lproj/InfoPlist.strings"; sourceTree = "<group>"; };
		B5A8F7081CA259120069F836 /* CategoryCell.swift */ = {isa = PBXFileReference; fileEncoding = 4; lastKnownFileType = sourcecode.swift; path = CategoryCell.swift; sourceTree = "<group>"; };
		B5AEEE311C82D4BC001CF112 /* Metrics.swift */ = {isa = PBXFileReference; fileEncoding = 4; lastKnownFileType = sourcecode.swift; path = Metrics.swift; sourceTree = "<group>"; };
		B5BA61881C77431400548B38 /* VideoCell.swift */ = {isa = PBXFileReference; fileEncoding = 4; lastKnownFileType = sourcecode.swift; path = VideoCell.swift; sourceTree = "<group>"; };
		B5BA618A1C7748B900548B38 /* Video.swift */ = {isa = PBXFileReference; fileEncoding = 4; lastKnownFileType = sourcecode.swift; path = Video.swift; sourceTree = "<group>"; };
		B5BA618C1C774BC400548B38 /* VideoPlayerController.swift */ = {isa = PBXFileReference; fileEncoding = 4; lastKnownFileType = sourcecode.swift; path = VideoPlayerController.swift; sourceTree = "<group>"; };
		B5C591141CA04BA50096B985 /* SectionHeaderView.swift */ = {isa = PBXFileReference; fileEncoding = 4; lastKnownFileType = sourcecode.swift; path = SectionHeaderView.swift; sourceTree = "<group>"; };
		B5C79B151DBFBCF80069837A /* BlurBackgroundPresentable.swift */ = {isa = PBXFileReference; fileEncoding = 4; lastKnownFileType = sourcecode.swift; path = BlurBackgroundPresentable.swift; sourceTree = "<group>"; };
		B5C85D031CA97981000AE0CF /* UIImage+Grid.swift */ = {isa = PBXFileReference; fileEncoding = 4; lastKnownFileType = sourcecode.swift; path = "UIImage+Grid.swift"; sourceTree = "<group>"; };
		B5DA8EDD1CB3BD1B0068E0E3 /* MenuView.swift */ = {isa = PBXFileReference; fileEncoding = 4; lastKnownFileType = sourcecode.swift; path = MenuView.swift; sourceTree = "<group>"; };
		B5DCF9331C985E1600D19FC0 /* VideosViewController.swift */ = {isa = PBXFileReference; fileEncoding = 4; lastKnownFileType = sourcecode.swift; path = VideosViewController.swift; sourceTree = "<group>"; };
		B5EE174F1DC509B8009DA1AE /* DataFetching.swift */ = {isa = PBXFileReference; fileEncoding = 4; lastKnownFileType = sourcecode.swift; path = DataFetching.swift; sourceTree = "<group>"; };
		B5EFE6C11DC600FF00236D1A /* VideosGridLayout.swift */ = {isa = PBXFileReference; fileEncoding = 4; lastKnownFileType = sourcecode.swift; path = VideosGridLayout.swift; sourceTree = "<group>"; };
		B5F7BF481BA9C95F00A75099 /* iCookTV.app */ = {isa = PBXFileReference; explicitFileType = wrapper.application; includeInIndex = 0; path = iCookTV.app; sourceTree = BUILT_PRODUCTS_DIR; };
		B5F7BF4B1BA9C95F00A75099 /* AppDelegate.swift */ = {isa = PBXFileReference; lastKnownFileType = sourcecode.swift; path = AppDelegate.swift; sourceTree = "<group>"; };
		B5F7BF521BA9C95F00A75099 /* Assets.xcassets */ = {isa = PBXFileReference; lastKnownFileType = folder.assetcatalog; path = Assets.xcassets; sourceTree = "<group>"; };
		B5F7BF541BA9C95F00A75099 /* Info.plist */ = {isa = PBXFileReference; lastKnownFileType = text.plist.xml; path = Info.plist; sourceTree = "<group>"; };
		B5F7BF591BA9C95F00A75099 /* iCookTV.xctest */ = {isa = PBXFileReference; explicitFileType = wrapper.cfbundle; includeInIndex = 0; path = iCookTV.xctest; sourceTree = BUILT_PRODUCTS_DIR; };
		B5F7BF5F1BA9C95F00A75099 /* Info.plist */ = {isa = PBXFileReference; lastKnownFileType = text.plist.xml; path = Info.plist; sourceTree = "<group>"; };
		CCC5F61AC4253D5EB2FF6C5F /* Pods_iCookTV_iCookTVTests.framework */ = {isa = PBXFileReference; explicitFileType = wrapper.framework; includeInIndex = 0; path = Pods_iCookTV_iCookTVTests.framework; sourceTree = BUILT_PRODUCTS_DIR; };
		E3C764092454A82F009A151C /* GoogleService-Info.plist */ = {isa = PBXFileReference; fileEncoding = 4; lastKnownFileType = text.plist.xml; path = "GoogleService-Info.plist"; sourceTree = "<group>"; };
		F631C183B75D6A45DF934799 /* Pods-iCookTV-iCookTVTests.release.xcconfig */ = {isa = PBXFileReference; includeInIndex = 1; lastKnownFileType = text.xcconfig; name = "Pods-iCookTV-iCookTVTests.release.xcconfig"; path = "Pods/Target Support Files/Pods-iCookTV-iCookTVTests/Pods-iCookTV-iCookTVTests.release.xcconfig"; sourceTree = "<group>"; };
/* End PBXFileReference section */

/* Begin PBXFrameworksBuildPhase section */
		B5F7BF451BA9C95F00A75099 /* Frameworks */ = {
			isa = PBXFrameworksBuildPhase;
			buildActionMask = 2147483647;
			files = (
				E0CC9B4F972579066B42862A /* Pods_iCookTV.framework in Frameworks */,
			);
			runOnlyForDeploymentPostprocessing = 0;
		};
		B5F7BF561BA9C95F00A75099 /* Frameworks */ = {
			isa = PBXFrameworksBuildPhase;
			buildActionMask = 2147483647;
			files = (
				89874964101F3026F3D3CF98 /* Pods_iCookTV_iCookTVTests.framework in Frameworks */,
			);
			runOnlyForDeploymentPostprocessing = 0;
		};
/* End PBXFrameworksBuildPhase section */

/* Begin PBXGroup section */
		B3905D87568D2378B131901C /* Frameworks */ = {
			isa = PBXGroup;
			children = (
				9A3D1C41705680DAFFCD179E /* Pods.framework */,
				1068EAEDE861A2EEA0CF2228 /* Pods_iCookTV.framework */,
				CCC5F61AC4253D5EB2FF6C5F /* Pods_iCookTV_iCookTVTests.framework */,
			);
			name = Frameworks;
			sourceTree = "<group>";
		};
		B53E39791CA1494600EB1EEE /* Extensions */ = {
			isa = PBXGroup;
			children = (
				B52EC3B01CB26F1B0072762C /* CGRect+Grid.swift */,
				B54605391DDB482A00208D37 /* DataRequest+Result.swift */,
				B53E39771CA1494000EB1EEE /* UIColor+TV.swift */,
				B52EC3B21CB3A02E0072762C /* UIFont+TV.swift */,
				B5C85D031CA97981000AE0CF /* UIImage+Grid.swift */,
				B56D0E251CBC0C1900B92F73 /* UIViewController+Alert.swift */,
				B543C3F21CD34419008C512B /* Video+PlayerItem.swift */,
			);
			path = Extensions;
			sourceTree = "<group>";
		};
		B543C3EB1CD1E93B008C512B /* Protocols */ = {
			isa = PBXGroup;
			children = (
				B5C79B151DBFBCF80069837A /* BlurBackgroundPresentable.swift */,
				B5EE174F1DC509B8009DA1AE /* DataFetching.swift */,
				B55BF7E81DC5C3C400EE20BD /* DropdownMenuPresentable.swift */,
				B50A202A1DC4B53C00ACBF1B /* LoadingIndicatorPresentable.swift */,
				B543C3E91CD1E85E008C512B /* OverlayViewPresentable.swift */,
				B55BF7E61DC5B7F400EE20BD /* Reusable.swift */,
				B5501BE81CD8ACEC001C3281 /* Trackable.swift */,
				B5EFE6C11DC600FF00236D1A /* VideosGridLayout.swift */,
			);
			path = Protocols;
			sourceTree = "<group>";
		};
		B5761A541CCF555D008CCC08 /* Supporting Files */ = {
			isa = PBXGroup;
			children = (
				B5761A551CCF5569008CCC08 /* Category.json */,
				B5F7BF5F1BA9C95F00A75099 /* Info.plist */,
				B5761A5B1CCF6D78008CCC08 /* Video.json */,
			);
			name = "Supporting Files";
			sourceTree = "<group>";
		};
		B5A614FC1CCA0848004A3CD5 /* Supporting Files */ = {
			isa = PBXGroup;
			children = (
				E3C764092454A82F009A151C /* GoogleService-Info.plist */,
				B5F7BF541BA9C95F00A75099 /* Info.plist */,
				B5A614F91CCA05B4004A3CD5 /* InfoPlist.strings */,
				B500D9A81CB94B5D00622198 /* Localizable.strings */,
			);
			name = "Supporting Files";
			sourceTree = "<group>";
		};
		B5A614FD1CCA0884004A3CD5 /* Sources */ = {
			isa = PBXGroup;
			children = (
				B5AAAE5D1C85DD1D002DDFC8 /* Controllers */,
				B53E39791CA1494600EB1EEE /* Extensions */,
				B5D036581D54E96900B80CFC /* Helpers */,
				B5AAAE5B1C85DD0A002DDFC8 /* Models */,
				B543C3EB1CD1E93B008C512B /* Protocols */,
				B5AAAE5C1C85DD16002DDFC8 /* Views */,
				B5F7BF4B1BA9C95F00A75099 /* AppDelegate.swift */,
				B50BFC041CC88FA3004F853D /* Debug.swift */,
				B51A95381CCF1C5100E5ED97 /* iCookTVKeys.swift */,
				B5AEEE311C82D4BC001CF112 /* Metrics.swift */,
			);
			name = Sources;
			sourceTree = "<group>";
		};
		B5AAAE5B1C85DD0A002DDFC8 /* Models */ = {
			isa = PBXGroup;
			children = (
				B52BD6761D5FA2570023D4E9 /* CategoriesCollection.swift */,
				B594CB3A1D53998900CB5630 /* CategoriesDataSource.swift */,
				B56D68E81CA564B00097D5D7 /* Category.swift */,
				B52BD6741D5F94320023D4E9 /* DataCollection.swift */,
				B52BD6781D6024D30023D4E9 /* DataSource.swift */,
				B516E78A1D54D73B00A3FCB9 /* SourceType.swift */,
				B5BA618A1C7748B900548B38 /* Video.swift */,
				B52BD6721D5F910D0023D4E9 /* VideosCollection.swift */,
				B58E906C1D5F806600AC184D /* VideosDataSource.swift */,
			);
			path = Models;
			sourceTree = "<group>";
		};
		B5AAAE5C1C85DD16002DDFC8 /* Views */ = {
			isa = PBXGroup;
			children = (
				B5A8F7081CA259120069F836 /* CategoryCell.swift */,
				B543C3EC1CD1EF26008C512B /* EmptyStateView.swift */,
				B586EFDA1CCA21B300EA8218 /* InsetLabel.swift */,
				B500D99E1CB93D0600622198 /* MainMenuView.swift */,
				B500D9A01CB93D8100622198 /* MenuButton.swift */,
				B5DA8EDD1CB3BD1B0068E0E3 /* MenuView.swift */,
				B5C591141CA04BA50096B985 /* SectionHeaderView.swift */,
				B5BA61881C77431400548B38 /* VideoCell.swift */,
			);
			path = Views;
			sourceTree = "<group>";
		};
		B5AAAE5D1C85DD1D002DDFC8 /* Controllers */ = {
			isa = PBXGroup;
			children = (
				B53E397A1CA14B4200EB1EEE /* CategoriesViewController.swift */,
				B50BFC061CC8AF14004F853D /* HistoryViewController.swift */,
				B500D9AE1CBA3B7900622198 /* LaunchViewController.swift */,
				B5501BE21CD74206001C3281 /* TrackableNavigationController.swift */,
				B5BA618C1C774BC400548B38 /* VideoPlayerController.swift */,
				B5DCF9331C985E1600D19FC0 /* VideosViewController.swift */,
			);
			path = Controllers;
			sourceTree = "<group>";
		};
		B5D036581D54E96900B80CFC /* Helpers */ = {
			isa = PBXGroup;
			children = (
				B58DE38A1CB8B54200C00266 /* CoverBuilder.swift */,
				B543C3EE1CD1FD0B008C512B /* GroundControl.swift */,
				B53115921CC69E7C00E75292 /* HistoryManager.swift */,
				B53CD05422FEFF1C00492E27 /* KeyPathDecoding.swift */,
				B543C3F01CD21530008C512B /* Tracker.swift */,
			);
			path = Helpers;
			sourceTree = "<group>";
		};
		B5F7BF3F1BA9C95F00A75099 = {
			isa = PBXGroup;
			children = (
				B3905D87568D2378B131901C /* Frameworks */,
				B5F7BF4A1BA9C95F00A75099 /* iCookTV */,
				B5F7BF5C1BA9C95F00A75099 /* iCookTVTests */,
				BAB05330A45C8FC69E4F49F5 /* Pods */,
				B5F7BF491BA9C95F00A75099 /* Products */,
			);
			indentWidth = 2;
			sourceTree = "<group>";
			tabWidth = 4;
			usesTabs = 0;
		};
		B5F7BF491BA9C95F00A75099 /* Products */ = {
			isa = PBXGroup;
			children = (
				B5F7BF481BA9C95F00A75099 /* iCookTV.app */,
				B5F7BF591BA9C95F00A75099 /* iCookTV.xctest */,
			);
			name = Products;
			sourceTree = "<group>";
		};
		B5F7BF4A1BA9C95F00A75099 /* iCookTV */ = {
			isa = PBXGroup;
			children = (
				B5A614FD1CCA0884004A3CD5 /* Sources */,
				B5A614FC1CCA0848004A3CD5 /* Supporting Files */,
				B5F7BF521BA9C95F00A75099 /* Assets.xcassets */,
				4F86E61A246A5C3C0019A283 /* LaunchScreen.storyboard */,
			);
			path = iCookTV;
			sourceTree = "<group>";
		};
		B5F7BF5C1BA9C95F00A75099 /* iCookTVTests */ = {
			isa = PBXGroup;
			children = (
				B5761A541CCF555D008CCC08 /* Supporting Files */,
				B5761A521CCF4D3D008CCC08 /* CategorySpec.swift */,
				B52BD6801D60B62E0023D4E9 /* DataCollectionSpec.swift */,
				B52BD67E1D6034A10023D4E9 /* DataSourceSpec.swift */,
				B5761A571CCF5752008CCC08 /* ResourceHelper.swift */,
				B5761A591CCF6CCD008CCC08 /* VideoSpec.swift */,
			);
			path = iCookTVTests;
			sourceTree = "<group>";
		};
		BAB05330A45C8FC69E4F49F5 /* Pods */ = {
			isa = PBXGroup;
			children = (
				2737A7AA8DF6F01E50C7B981 /* Pods-iCookTV-iCookTVTests.debug.xcconfig */,
				F631C183B75D6A45DF934799 /* Pods-iCookTV-iCookTVTests.release.xcconfig */,
				3DD923198D3B9EC316862C17 /* Pods-iCookTV.debug.xcconfig */,
				119537385ADCF0545C748A21 /* Pods-iCookTV.release.xcconfig */,
			);
			name = Pods;
			sourceTree = "<group>";
		};
/* End PBXGroup section */

/* Begin PBXNativeTarget section */
		B5F7BF471BA9C95F00A75099 /* iCookTV */ = {
			isa = PBXNativeTarget;
			buildConfigurationList = B5F7BF621BA9C95F00A75099 /* Build configuration list for PBXNativeTarget "iCookTV" */;
			buildPhases = (
				24D096314DA4D14E4EDFA5EB /* [CP] Check Pods Manifest.lock */,
				B52DFA9C1CF8006E005B9D67 /* Run Swiftlint */,
				B5F7BF441BA9C95F00A75099 /* Sources */,
				B5F7BF451BA9C95F00A75099 /* Frameworks */,
				B5F7BF461BA9C95F00A75099 /* Resources */,
				B51A95351CCDFFEB00E5ED97 /* Run Crashlytics Script */,
				AA754957F6C9D01CFBA353B7 /* [CP] Embed Pods Frameworks */,
				17C2904A7606B8FA298124FF /* [CP] Copy Pods Resources */,
			);
			buildRules = (
			);
			dependencies = (
			);
			name = iCookTV;
			productName = iCookTV;
			productReference = B5F7BF481BA9C95F00A75099 /* iCookTV.app */;
			productType = "com.apple.product-type.application";
		};
		B5F7BF581BA9C95F00A75099 /* iCookTVTests */ = {
			isa = PBXNativeTarget;
			buildConfigurationList = B5F7BF651BA9C95F00A75099 /* Build configuration list for PBXNativeTarget "iCookTVTests" */;
			buildPhases = (
				9C2EB9E93A1775F7EBF52165 /* [CP] Check Pods Manifest.lock */,
				B5F7BF551BA9C95F00A75099 /* Sources */,
				B5F7BF561BA9C95F00A75099 /* Frameworks */,
				B5F7BF571BA9C95F00A75099 /* Resources */,
				D98BF45783F7971E01068E78 /* [CP] Embed Pods Frameworks */,
				54944FE815FCB22C2F7808BC /* [CP] Copy Pods Resources */,
			);
			buildRules = (
			);
			dependencies = (
				B5F7BF5B1BA9C95F00A75099 /* PBXTargetDependency */,
			);
			name = iCookTVTests;
			productName = iCookTVTests;
			productReference = B5F7BF591BA9C95F00A75099 /* iCookTV.xctest */;
			productType = "com.apple.product-type.bundle.unit-test";
		};
/* End PBXNativeTarget section */

/* Begin PBXProject section */
		B5F7BF401BA9C95F00A75099 /* Project object */ = {
			isa = PBXProject;
			attributes = {
				LastUpgradeCheck = 1030;
				ORGANIZATIONNAME = "Polydice, Inc.";
				TargetAttributes = {
					B5F7BF471BA9C95F00A75099 = {
						CreatedOnToolsVersion = 7.1;
						DevelopmentTeam = U27B56TU48;
						LastSwiftMigration = 1030;
						ProvisioningStyle = Manual;
					};
					B5F7BF581BA9C95F00A75099 = {
						CreatedOnToolsVersion = 7.1;
						LastSwiftMigration = 1030;
						TestTargetID = B5F7BF471BA9C95F00A75099;
					};
				};
			};
			buildConfigurationList = B5F7BF431BA9C95F00A75099 /* Build configuration list for PBXProject "iCookTV" */;
			compatibilityVersion = "Xcode 3.2";
			developmentRegion = en;
			hasScannedForEncodings = 0;
			knownRegions = (
				en,
				Base,
				"zh-Hant",
			);
			mainGroup = B5F7BF3F1BA9C95F00A75099;
			productRefGroup = B5F7BF491BA9C95F00A75099 /* Products */;
			projectDirPath = "";
			projectRoot = "";
			targets = (
				B5F7BF471BA9C95F00A75099 /* iCookTV */,
				B5F7BF581BA9C95F00A75099 /* iCookTVTests */,
			);
		};
/* End PBXProject section */

/* Begin PBXResourcesBuildPhase section */
		B5F7BF461BA9C95F00A75099 /* Resources */ = {
			isa = PBXResourcesBuildPhase;
			buildActionMask = 2147483647;
			files = (
				B5F7BF531BA9C95F00A75099 /* Assets.xcassets in Resources */,
				E3C7640A2454A82F009A151C /* GoogleService-Info.plist in Resources */,
				B5A614F71CCA05B4004A3CD5 /* InfoPlist.strings in Resources */,
				4F86E61B246A5C3C0019A283 /* LaunchScreen.storyboard in Resources */,
				B500D9A61CB94B5D00622198 /* Localizable.strings in Resources */,
			);
			runOnlyForDeploymentPostprocessing = 0;
		};
		B5F7BF571BA9C95F00A75099 /* Resources */ = {
			isa = PBXResourcesBuildPhase;
			buildActionMask = 2147483647;
			files = (
				B5761A561CCF5569008CCC08 /* Category.json in Resources */,
				B5761A5C1CCF6D78008CCC08 /* Video.json in Resources */,
			);
			runOnlyForDeploymentPostprocessing = 0;
		};
/* End PBXResourcesBuildPhase section */

/* Begin PBXShellScriptBuildPhase section */
		17C2904A7606B8FA298124FF /* [CP] Copy Pods Resources */ = {
			isa = PBXShellScriptBuildPhase;
			buildActionMask = 2147483647;
			files = (
			);
			inputPaths = (
				"${PODS_ROOT}/Target Support Files/Pods-iCookTV/Pods-iCookTV-resources.sh",
				"${PODS_CONFIGURATION_BUILD_DIR}/ComScore/SCORBundle.bundle",
			);
			name = "[CP] Copy Pods Resources";
			outputPaths = (
				"${TARGET_BUILD_DIR}/${UNLOCALIZED_RESOURCES_FOLDER_PATH}/SCORBundle.bundle",
			);
			runOnlyForDeploymentPostprocessing = 0;
			shellPath = /bin/sh;
			shellScript = "\"${PODS_ROOT}/Target Support Files/Pods-iCookTV/Pods-iCookTV-resources.sh\"\n";
			showEnvVarsInLog = 0;
		};
		24D096314DA4D14E4EDFA5EB /* [CP] Check Pods Manifest.lock */ = {
			isa = PBXShellScriptBuildPhase;
			buildActionMask = 2147483647;
			files = (
			);
			inputPaths = (
				"${PODS_PODFILE_DIR_PATH}/Podfile.lock",
				"${PODS_ROOT}/Manifest.lock",
			);
			name = "[CP] Check Pods Manifest.lock";
			outputPaths = (
				"$(DERIVED_FILE_DIR)/Pods-iCookTV-checkManifestLockResult.txt",
			);
			runOnlyForDeploymentPostprocessing = 0;
			shellPath = /bin/sh;
			shellScript = "diff \"${PODS_PODFILE_DIR_PATH}/Podfile.lock\" \"${PODS_ROOT}/Manifest.lock\" > /dev/null\nif [ $? != 0 ] ; then\n    # print error to STDERR\n    echo \"error: The sandbox is not in sync with the Podfile.lock. Run 'pod install' or update your CocoaPods installation.\" >&2\n    exit 1\nfi\n# This output is used by Xcode 'outputs' to avoid re-running this script phase.\necho \"SUCCESS\" > \"${SCRIPT_OUTPUT_FILE_0}\"\n";
			showEnvVarsInLog = 0;
		};
		54944FE815FCB22C2F7808BC /* [CP] Copy Pods Resources */ = {
			isa = PBXShellScriptBuildPhase;
			buildActionMask = 2147483647;
			files = (
			);
			inputPaths = (
				"${PODS_ROOT}/Target Support Files/Pods-iCookTV-iCookTVTests/Pods-iCookTV-iCookTVTests-resources.sh",
				"${PODS_CONFIGURATION_BUILD_DIR}/ComScore/SCORBundle.bundle",
			);
			name = "[CP] Copy Pods Resources";
			outputPaths = (
				"${TARGET_BUILD_DIR}/${UNLOCALIZED_RESOURCES_FOLDER_PATH}/SCORBundle.bundle",
			);
			runOnlyForDeploymentPostprocessing = 0;
			shellPath = /bin/sh;
			shellScript = "\"${PODS_ROOT}/Target Support Files/Pods-iCookTV-iCookTVTests/Pods-iCookTV-iCookTVTests-resources.sh\"\n";
			showEnvVarsInLog = 0;
		};
		9C2EB9E93A1775F7EBF52165 /* [CP] Check Pods Manifest.lock */ = {
			isa = PBXShellScriptBuildPhase;
			buildActionMask = 2147483647;
			files = (
			);
			inputPaths = (
				"${PODS_PODFILE_DIR_PATH}/Podfile.lock",
				"${PODS_ROOT}/Manifest.lock",
			);
			name = "[CP] Check Pods Manifest.lock";
			outputPaths = (
				"$(DERIVED_FILE_DIR)/Pods-iCookTV-iCookTVTests-checkManifestLockResult.txt",
			);
			runOnlyForDeploymentPostprocessing = 0;
			shellPath = /bin/sh;
			shellScript = "diff \"${PODS_PODFILE_DIR_PATH}/Podfile.lock\" \"${PODS_ROOT}/Manifest.lock\" > /dev/null\nif [ $? != 0 ] ; then\n    # print error to STDERR\n    echo \"error: The sandbox is not in sync with the Podfile.lock. Run 'pod install' or update your CocoaPods installation.\" >&2\n    exit 1\nfi\n# This output is used by Xcode 'outputs' to avoid re-running this script phase.\necho \"SUCCESS\" > \"${SCRIPT_OUTPUT_FILE_0}\"\n";
			showEnvVarsInLog = 0;
		};
		AA754957F6C9D01CFBA353B7 /* [CP] Embed Pods Frameworks */ = {
			isa = PBXShellScriptBuildPhase;
			buildActionMask = 2147483647;
			files = (
			);
			inputPaths = (
				"${PODS_ROOT}/Target Support Files/Pods-iCookTV/Pods-iCookTV-frameworks.sh",
				"${BUILT_PRODUCTS_DIR}/Keys/Keys.framework",
				"${BUILT_PRODUCTS_DIR}/Alamofire/Alamofire.framework",
				"${PODS_ROOT}/ComScore/ComScore/dynamic/tvOS/ComScore.framework",
				"${BUILT_PRODUCTS_DIR}/FBSDKCoreKit/FBSDKCoreKit.framework",
				"${BUILT_PRODUCTS_DIR}/FBSDKLoginKit/FBSDKLoginKit.framework",
				"${BUILT_PRODUCTS_DIR}/FBSDKShareKit/FBSDKShareKit.framework",
				"${BUILT_PRODUCTS_DIR}/FBSDKTVOSKit/FBSDKTVOSKit.framework",
				"${BUILT_PRODUCTS_DIR}/GoogleUtilities/GoogleUtilities.framework",
				"${BUILT_PRODUCTS_DIR}/Hue/Hue.framework",
				"${BUILT_PRODUCTS_DIR}/Kingfisher/Kingfisher.framework",
				"${BUILT_PRODUCTS_DIR}/PromisesObjC/FBLPromises.framework",
				"${BUILT_PRODUCTS_DIR}/nanopb/nanopb.framework",
			);
			name = "[CP] Embed Pods Frameworks";
			outputPaths = (
				"${TARGET_BUILD_DIR}/${FRAMEWORKS_FOLDER_PATH}/Keys.framework",
				"${TARGET_BUILD_DIR}/${FRAMEWORKS_FOLDER_PATH}/Alamofire.framework",
				"${TARGET_BUILD_DIR}/${FRAMEWORKS_FOLDER_PATH}/ComScore.framework",
				"${TARGET_BUILD_DIR}/${FRAMEWORKS_FOLDER_PATH}/FBSDKCoreKit.framework",
				"${TARGET_BUILD_DIR}/${FRAMEWORKS_FOLDER_PATH}/FBSDKLoginKit.framework",
				"${TARGET_BUILD_DIR}/${FRAMEWORKS_FOLDER_PATH}/FBSDKShareKit.framework",
				"${TARGET_BUILD_DIR}/${FRAMEWORKS_FOLDER_PATH}/FBSDKTVOSKit.framework",
				"${TARGET_BUILD_DIR}/${FRAMEWORKS_FOLDER_PATH}/GoogleUtilities.framework",
				"${TARGET_BUILD_DIR}/${FRAMEWORKS_FOLDER_PATH}/Hue.framework",
				"${TARGET_BUILD_DIR}/${FRAMEWORKS_FOLDER_PATH}/Kingfisher.framework",
				"${TARGET_BUILD_DIR}/${FRAMEWORKS_FOLDER_PATH}/FBLPromises.framework",
				"${TARGET_BUILD_DIR}/${FRAMEWORKS_FOLDER_PATH}/nanopb.framework",
			);
			runOnlyForDeploymentPostprocessing = 0;
			shellPath = /bin/sh;
			shellScript = "\"${PODS_ROOT}/Target Support Files/Pods-iCookTV/Pods-iCookTV-frameworks.sh\"\n";
			showEnvVarsInLog = 0;
		};
		B51A95351CCDFFEB00E5ED97 /* Run Crashlytics Script */ = {
			isa = PBXShellScriptBuildPhase;
			buildActionMask = 2147483647;
			files = (
			);
			inputPaths = (
			);
			name = "Run Crashlytics Script";
			outputPaths = (
			);
			runOnlyForDeploymentPostprocessing = 0;
			shellPath = /bin/sh;
			shellScript = "sh ${SRCROOT}/scripts/crashlytics.sh\n";
		};
		B52DFA9C1CF8006E005B9D67 /* Run Swiftlint */ = {
			isa = PBXShellScriptBuildPhase;
			buildActionMask = 2147483647;
			files = (
			);
			inputPaths = (
			);
			name = "Run Swiftlint";
			outputPaths = (
			);
			runOnlyForDeploymentPostprocessing = 0;
			shellPath = /bin/sh;
			shellScript = "${PODS_ROOT}/SwiftLint/swiftlint --config ${SRCROOT}/.swiftlint.yml";
		};
		D98BF45783F7971E01068E78 /* [CP] Embed Pods Frameworks */ = {
			isa = PBXShellScriptBuildPhase;
			buildActionMask = 2147483647;
			files = (
			);
			inputPaths = (
				"${PODS_ROOT}/Target Support Files/Pods-iCookTV-iCookTVTests/Pods-iCookTV-iCookTVTests-frameworks.sh",
				"${BUILT_PRODUCTS_DIR}/Keys/Keys.framework",
				"${BUILT_PRODUCTS_DIR}/Alamofire/Alamofire.framework",
				"${PODS_ROOT}/ComScore/ComScore/dynamic/tvOS/ComScore.framework",
				"${BUILT_PRODUCTS_DIR}/FBSDKCoreKit/FBSDKCoreKit.framework",
				"${BUILT_PRODUCTS_DIR}/FBSDKLoginKit/FBSDKLoginKit.framework",
				"${BUILT_PRODUCTS_DIR}/FBSDKShareKit/FBSDKShareKit.framework",
				"${BUILT_PRODUCTS_DIR}/FBSDKTVOSKit/FBSDKTVOSKit.framework",
				"${BUILT_PRODUCTS_DIR}/GoogleUtilities/GoogleUtilities.framework",
				"${BUILT_PRODUCTS_DIR}/Hue/Hue.framework",
				"${BUILT_PRODUCTS_DIR}/Kingfisher/Kingfisher.framework",
				"${BUILT_PRODUCTS_DIR}/PromisesObjC/FBLPromises.framework",
				"${BUILT_PRODUCTS_DIR}/nanopb/nanopb.framework",
			);
			name = "[CP] Embed Pods Frameworks";
			outputPaths = (
				"${TARGET_BUILD_DIR}/${FRAMEWORKS_FOLDER_PATH}/Keys.framework",
				"${TARGET_BUILD_DIR}/${FRAMEWORKS_FOLDER_PATH}/Alamofire.framework",
				"${TARGET_BUILD_DIR}/${FRAMEWORKS_FOLDER_PATH}/ComScore.framework",
				"${TARGET_BUILD_DIR}/${FRAMEWORKS_FOLDER_PATH}/FBSDKCoreKit.framework",
				"${TARGET_BUILD_DIR}/${FRAMEWORKS_FOLDER_PATH}/FBSDKLoginKit.framework",
				"${TARGET_BUILD_DIR}/${FRAMEWORKS_FOLDER_PATH}/FBSDKShareKit.framework",
				"${TARGET_BUILD_DIR}/${FRAMEWORKS_FOLDER_PATH}/FBSDKTVOSKit.framework",
				"${TARGET_BUILD_DIR}/${FRAMEWORKS_FOLDER_PATH}/GoogleUtilities.framework",
				"${TARGET_BUILD_DIR}/${FRAMEWORKS_FOLDER_PATH}/Hue.framework",
				"${TARGET_BUILD_DIR}/${FRAMEWORKS_FOLDER_PATH}/Kingfisher.framework",
				"${TARGET_BUILD_DIR}/${FRAMEWORKS_FOLDER_PATH}/FBLPromises.framework",
				"${TARGET_BUILD_DIR}/${FRAMEWORKS_FOLDER_PATH}/nanopb.framework",
			);
			runOnlyForDeploymentPostprocessing = 0;
			shellPath = /bin/sh;
			shellScript = "\"${PODS_ROOT}/Target Support Files/Pods-iCookTV-iCookTVTests/Pods-iCookTV-iCookTVTests-frameworks.sh\"\n";
			showEnvVarsInLog = 0;
		};
/* End PBXShellScriptBuildPhase section */

/* Begin PBXSourcesBuildPhase section */
		B5F7BF441BA9C95F00A75099 /* Sources */ = {
			isa = PBXSourcesBuildPhase;
			buildActionMask = 2147483647;
			files = (
				B5F7BF4C1BA9C95F00A75099 /* AppDelegate.swift in Sources */,
				B5C79B161DBFBCF80069837A /* BlurBackgroundPresentable.swift in Sources */,
				B52BD6771D5FA2570023D4E9 /* CategoriesCollection.swift in Sources */,
				B594CB3B1D53998900CB5630 /* CategoriesDataSource.swift in Sources */,
				B53E397B1CA14B4200EB1EEE /* CategoriesViewController.swift in Sources */,
				B56D68E91CA564B00097D5D7 /* Category.swift in Sources */,
				B5A8F7091CA259120069F836 /* CategoryCell.swift in Sources */,
				B52EC3B11CB26F1B0072762C /* CGRect+Grid.swift in Sources */,
				B58DE38B1CB8B54200C00266 /* CoverBuilder.swift in Sources */,
				B52BD6751D5F94320023D4E9 /* DataCollection.swift in Sources */,
				B5EE17501DC509B8009DA1AE /* DataFetching.swift in Sources */,
				B546053A1DDB482A00208D37 /* DataRequest+Result.swift in Sources */,
				B52BD6791D6024D30023D4E9 /* DataSource.swift in Sources */,
				B50BFC051CC88FA3004F853D /* Debug.swift in Sources */,
				B55BF7E91DC5C3C400EE20BD /* DropdownMenuPresentable.swift in Sources */,
				B543C3ED1CD1EF26008C512B /* EmptyStateView.swift in Sources */,
				B543C3EF1CD1FD0B008C512B /* GroundControl.swift in Sources */,
				B53115931CC69E7C00E75292 /* HistoryManager.swift in Sources */,
				B50BFC071CC8AF14004F853D /* HistoryViewController.swift in Sources */,
				B51A95391CCF1C5100E5ED97 /* iCookTVKeys.swift in Sources */,
				B586EFDB1CCA21B300EA8218 /* InsetLabel.swift in Sources */,
				B57C930A22FF149800BBAC40 /* KeyPathDecoding.swift in Sources */,
				B500D9AF1CBA3B7900622198 /* LaunchViewController.swift in Sources */,
				B50A202B1DC4B53C00ACBF1B /* LoadingIndicatorPresentable.swift in Sources */,
				B500D99F1CB93D0600622198 /* MainMenuView.swift in Sources */,
				B500D9A11CB93D8100622198 /* MenuButton.swift in Sources */,
				B5DA8EDE1CB3BD1B0068E0E3 /* MenuView.swift in Sources */,
				B5AEEE321C82D4BC001CF112 /* Metrics.swift in Sources */,
				B543C3EA1CD1E85E008C512B /* OverlayViewPresentable.swift in Sources */,
				B55BF7E71DC5B7F400EE20BD /* Reusable.swift in Sources */,
				B5C591151CA04BA50096B985 /* SectionHeaderView.swift in Sources */,
				B516E78B1D54D73B00A3FCB9 /* SourceType.swift in Sources */,
				B5501BE91CD8ACEC001C3281 /* Trackable.swift in Sources */,
				B5501BE31CD74206001C3281 /* TrackableNavigationController.swift in Sources */,
				B543C3F11CD21530008C512B /* Tracker.swift in Sources */,
				B53E39781CA1494000EB1EEE /* UIColor+TV.swift in Sources */,
				B52EC3B31CB3A02E0072762C /* UIFont+TV.swift in Sources */,
				B5C85D041CA97981000AE0CF /* UIImage+Grid.swift in Sources */,
				B56D0E261CBC0C1900B92F73 /* UIViewController+Alert.swift in Sources */,
				B543C3F31CD34419008C512B /* Video+PlayerItem.swift in Sources */,
				B5BA618B1C7748B900548B38 /* Video.swift in Sources */,
				B5BA61891C77431400548B38 /* VideoCell.swift in Sources */,
				B5BA618D1C774BC400548B38 /* VideoPlayerController.swift in Sources */,
				B52BD6731D5F910D0023D4E9 /* VideosCollection.swift in Sources */,
				B58E906D1D5F806600AC184D /* VideosDataSource.swift in Sources */,
				B5EFE6C21DC600FF00236D1A /* VideosGridLayout.swift in Sources */,
				B5DCF9341C985E1600D19FC0 /* VideosViewController.swift in Sources */,
			);
			runOnlyForDeploymentPostprocessing = 0;
		};
		B5F7BF551BA9C95F00A75099 /* Sources */ = {
			isa = PBXSourcesBuildPhase;
			buildActionMask = 2147483647;
			files = (
				B5761A531CCF4D3D008CCC08 /* CategorySpec.swift in Sources */,
				B52BD6811D60B62E0023D4E9 /* DataCollectionSpec.swift in Sources */,
				B52BD67F1D6034A10023D4E9 /* DataSourceSpec.swift in Sources */,
				B5761A581CCF5752008CCC08 /* ResourceHelper.swift in Sources */,
				B5761A5A1CCF6CCD008CCC08 /* VideoSpec.swift in Sources */,
			);
			runOnlyForDeploymentPostprocessing = 0;
		};
/* End PBXSourcesBuildPhase section */

/* Begin PBXTargetDependency section */
		B5F7BF5B1BA9C95F00A75099 /* PBXTargetDependency */ = {
			isa = PBXTargetDependency;
			target = B5F7BF471BA9C95F00A75099 /* iCookTV */;
			targetProxy = B5F7BF5A1BA9C95F00A75099 /* PBXContainerItemProxy */;
		};
/* End PBXTargetDependency section */

/* Begin PBXVariantGroup section */
		B500D9A81CB94B5D00622198 /* Localizable.strings */ = {
			isa = PBXVariantGroup;
			children = (
				B500D9A91CB94B6600622198 /* Base */,
				B500D9A71CB94B5D00622198 /* en */,
				B500D9AA1CB94BA400622198 /* zh-Hant */,
			);
			name = Localizable.strings;
			sourceTree = "<group>";
		};
		B5A614F91CCA05B4004A3CD5 /* InfoPlist.strings */ = {
			isa = PBXVariantGroup;
			children = (
				B5A614F81CCA05B4004A3CD5 /* Base */,
				B5A614FA1CCA05B6004A3CD5 /* en */,
				B5A614FB1CCA05B7004A3CD5 /* zh-Hant */,
			);
			name = InfoPlist.strings;
			sourceTree = "<group>";
		};
/* End PBXVariantGroup section */

/* Begin XCBuildConfiguration section */
		B5F7BF601BA9C95F00A75099 /* Debug */ = {
			isa = XCBuildConfiguration;
			buildSettings = {
				ALWAYS_EMBED_SWIFT_STANDARD_LIBRARIES = YES;
				ALWAYS_SEARCH_USER_PATHS = NO;
				CLANG_ANALYZER_LOCALIZABILITY_NONLOCALIZED = YES;
				CLANG_CXX_LANGUAGE_STANDARD = "gnu++0x";
				CLANG_CXX_LIBRARY = "libc++";
				CLANG_ENABLE_MODULES = YES;
				CLANG_ENABLE_OBJC_ARC = YES;
				CLANG_WARN_BLOCK_CAPTURE_AUTORELEASING = YES;
				CLANG_WARN_BOOL_CONVERSION = YES;
				CLANG_WARN_COMMA = YES;
				CLANG_WARN_CONSTANT_CONVERSION = YES;
				CLANG_WARN_DEPRECATED_OBJC_IMPLEMENTATIONS = YES;
				CLANG_WARN_DIRECT_OBJC_ISA_USAGE = YES_ERROR;
				CLANG_WARN_EMPTY_BODY = YES;
				CLANG_WARN_ENUM_CONVERSION = YES;
				CLANG_WARN_INFINITE_RECURSION = YES;
				CLANG_WARN_INT_CONVERSION = YES;
				CLANG_WARN_NON_LITERAL_NULL_CONVERSION = YES;
				CLANG_WARN_OBJC_IMPLICIT_RETAIN_SELF = YES;
				CLANG_WARN_OBJC_LITERAL_CONVERSION = YES;
				CLANG_WARN_OBJC_ROOT_CLASS = YES_ERROR;
				CLANG_WARN_RANGE_LOOP_ANALYSIS = YES;
				CLANG_WARN_STRICT_PROTOTYPES = YES;
				CLANG_WARN_SUSPICIOUS_MOVE = YES;
				CLANG_WARN_UNREACHABLE_CODE = YES;
				CLANG_WARN__DUPLICATE_METHOD_MATCH = YES;
				COPY_PHASE_STRIP = NO;
				CURRENT_PROJECT_VERSION = develop;
				DEBUG_INFORMATION_FORMAT = "dwarf-with-dsym";
				ENABLE_STRICT_OBJC_MSGSEND = YES;
				ENABLE_TESTABILITY = YES;
				GCC_C_LANGUAGE_STANDARD = gnu99;
				GCC_DYNAMIC_NO_PIC = NO;
				GCC_NO_COMMON_BLOCKS = YES;
				GCC_OPTIMIZATION_LEVEL = 0;
				GCC_PREPROCESSOR_DEFINITIONS = (
					"DEBUG=1",
					"$(inherited)",
				);
				GCC_WARN_64_TO_32_BIT_CONVERSION = YES;
				GCC_WARN_ABOUT_RETURN_TYPE = YES_ERROR;
				GCC_WARN_UNDECLARED_SELECTOR = YES;
				GCC_WARN_UNINITIALIZED_AUTOS = YES_AGGRESSIVE;
				GCC_WARN_UNUSED_FUNCTION = YES;
				GCC_WARN_UNUSED_VARIABLE = YES;
				MTL_ENABLE_DEBUG_INFO = YES;
				ONLY_ACTIVE_ARCH = YES;
				OTHER_SWIFT_FLAGS = "-D DEBUG";
				SDKROOT = appletvos;
				SWIFT_OPTIMIZATION_LEVEL = "-Onone";
				SWIFT_VERSION = 5.0;
				TARGETED_DEVICE_FAMILY = 3;
				TVOS_DEPLOYMENT_TARGET = 10.0;
			};
			name = Debug;
		};
		B5F7BF611BA9C95F00A75099 /* Release */ = {
			isa = XCBuildConfiguration;
			buildSettings = {
				ALWAYS_EMBED_SWIFT_STANDARD_LIBRARIES = YES;
				ALWAYS_SEARCH_USER_PATHS = NO;
				CLANG_ANALYZER_LOCALIZABILITY_NONLOCALIZED = YES;
				CLANG_CXX_LANGUAGE_STANDARD = "gnu++0x";
				CLANG_CXX_LIBRARY = "libc++";
				CLANG_ENABLE_MODULES = YES;
				CLANG_ENABLE_OBJC_ARC = YES;
				CLANG_WARN_BLOCK_CAPTURE_AUTORELEASING = YES;
				CLANG_WARN_BOOL_CONVERSION = YES;
				CLANG_WARN_COMMA = YES;
				CLANG_WARN_CONSTANT_CONVERSION = YES;
				CLANG_WARN_DEPRECATED_OBJC_IMPLEMENTATIONS = YES;
				CLANG_WARN_DIRECT_OBJC_ISA_USAGE = YES_ERROR;
				CLANG_WARN_EMPTY_BODY = YES;
				CLANG_WARN_ENUM_CONVERSION = YES;
				CLANG_WARN_INFINITE_RECURSION = YES;
				CLANG_WARN_INT_CONVERSION = YES;
				CLANG_WARN_NON_LITERAL_NULL_CONVERSION = YES;
				CLANG_WARN_OBJC_IMPLICIT_RETAIN_SELF = YES;
				CLANG_WARN_OBJC_LITERAL_CONVERSION = YES;
				CLANG_WARN_OBJC_ROOT_CLASS = YES_ERROR;
				CLANG_WARN_RANGE_LOOP_ANALYSIS = YES;
				CLANG_WARN_STRICT_PROTOTYPES = YES;
				CLANG_WARN_SUSPICIOUS_MOVE = YES;
				CLANG_WARN_UNREACHABLE_CODE = YES;
				CLANG_WARN__DUPLICATE_METHOD_MATCH = YES;
				COPY_PHASE_STRIP = NO;
				CURRENT_PROJECT_VERSION = develop;
				DEBUG_INFORMATION_FORMAT = "dwarf-with-dsym";
				ENABLE_NS_ASSERTIONS = NO;
				ENABLE_STRICT_OBJC_MSGSEND = YES;
				GCC_C_LANGUAGE_STANDARD = gnu99;
				GCC_NO_COMMON_BLOCKS = YES;
				GCC_WARN_64_TO_32_BIT_CONVERSION = YES;
				GCC_WARN_ABOUT_RETURN_TYPE = YES_ERROR;
				GCC_WARN_UNDECLARED_SELECTOR = YES;
				GCC_WARN_UNINITIALIZED_AUTOS = YES_AGGRESSIVE;
				GCC_WARN_UNUSED_FUNCTION = YES;
				GCC_WARN_UNUSED_VARIABLE = YES;
				MTL_ENABLE_DEBUG_INFO = NO;
				OTHER_SWIFT_FLAGS = "-D TRACKING";
				SDKROOT = appletvos;
				SWIFT_OPTIMIZATION_LEVEL = "-Owholemodule";
				SWIFT_VERSION = 5.0;
				TARGETED_DEVICE_FAMILY = 3;
				TVOS_DEPLOYMENT_TARGET = 10.0;
				VALIDATE_PRODUCT = YES;
			};
			name = Release;
		};
		B5F7BF631BA9C95F00A75099 /* Debug */ = {
			isa = XCBuildConfiguration;
			baseConfigurationReference = 3DD923198D3B9EC316862C17 /* Pods-iCookTV.debug.xcconfig */;
			buildSettings = {
				ALWAYS_EMBED_SWIFT_STANDARD_LIBRARIES = "$(inherited)";
				ASSETCATALOG_COMPILER_APPICON_NAME = "App Icon & Top Shelf Image";
				ASSETCATALOG_COMPILER_LAUNCHIMAGE_NAME = LaunchImage;
				CODE_SIGN_IDENTITY = "iPhone Distribution";
				CODE_SIGN_STYLE = Manual;
				CURRENT_PROJECT_VERSION = 103;
				DEVELOPMENT_TEAM = U27B56TU48;
				INFOPLIST_FILE = iCookTV/Info.plist;
				LD_RUNPATH_SEARCH_PATHS = "$(inherited) @executable_path/Frameworks";
				PRODUCT_BUNDLE_IDENTIFIER = com.thepolydice.icook;
				PRODUCT_NAME = iCookTV;
				PROVISIONING_PROFILE_SPECIFIER = "match AppStore com.thepolydice.icook tvos";
			};
			name = Debug;
		};
		B5F7BF641BA9C95F00A75099 /* Release */ = {
			isa = XCBuildConfiguration;
			baseConfigurationReference = 119537385ADCF0545C748A21 /* Pods-iCookTV.release.xcconfig */;
			buildSettings = {
				ALWAYS_EMBED_SWIFT_STANDARD_LIBRARIES = "$(inherited)";
				ASSETCATALOG_COMPILER_APPICON_NAME = "App Icon & Top Shelf Image";
				ASSETCATALOG_COMPILER_LAUNCHIMAGE_NAME = LaunchImage;
				CODE_SIGN_IDENTITY = "iPhone Distribution";
				CODE_SIGN_STYLE = Manual;
				CURRENT_PROJECT_VERSION = 103;
				DEVELOPMENT_TEAM = U27B56TU48;
				INFOPLIST_FILE = iCookTV/Info.plist;
				LD_RUNPATH_SEARCH_PATHS = "$(inherited) @executable_path/Frameworks";
				PRODUCT_BUNDLE_IDENTIFIER = com.thepolydice.icook;
				PRODUCT_NAME = iCookTV;
				PROVISIONING_PROFILE_SPECIFIER = "match AppStore com.thepolydice.icook tvos";
				SWIFT_OPTIMIZATION_LEVEL = "-Owholemodule";
			};
			name = Release;
		};
		B5F7BF661BA9C95F00A75099 /* Debug */ = {
			isa = XCBuildConfiguration;
			baseConfigurationReference = 2737A7AA8DF6F01E50C7B981 /* Pods-iCookTV-iCookTVTests.debug.xcconfig */;
			buildSettings = {
				ALWAYS_EMBED_SWIFT_STANDARD_LIBRARIES = "$(inherited)";
				BUNDLE_LOADER = "$(TEST_HOST)";
				INFOPLIST_FILE = iCookTVTests/Info.plist;
				LD_RUNPATH_SEARCH_PATHS = "$(inherited) @executable_path/Frameworks @loader_path/Frameworks";
				PRODUCT_BUNDLE_IDENTIFIER = io.github.bcylin.iCookTVTests;
				PRODUCT_MODULE_NAME = iCookTVTests;
				PRODUCT_NAME = iCookTV;
				TEST_HOST = "$(BUILT_PRODUCTS_DIR)/iCookTV.app/iCookTV";
			};
			name = Debug;
		};
		B5F7BF671BA9C95F00A75099 /* Release */ = {
			isa = XCBuildConfiguration;
			baseConfigurationReference = F631C183B75D6A45DF934799 /* Pods-iCookTV-iCookTVTests.release.xcconfig */;
			buildSettings = {
				ALWAYS_EMBED_SWIFT_STANDARD_LIBRARIES = "$(inherited)";
				BUNDLE_LOADER = "$(TEST_HOST)";
				INFOPLIST_FILE = iCookTVTests/Info.plist;
				LD_RUNPATH_SEARCH_PATHS = "$(inherited) @executable_path/Frameworks @loader_path/Frameworks";
				PRODUCT_BUNDLE_IDENTIFIER = io.github.bcylin.iCookTVTests;
				PRODUCT_MODULE_NAME = iCookTVTests;
				PRODUCT_NAME = iCookTV;
				SWIFT_OPTIMIZATION_LEVEL = "-Owholemodule";
				TEST_HOST = "$(BUILT_PRODUCTS_DIR)/iCookTV.app/iCookTV";
			};
			name = Release;
		};
/* End XCBuildConfiguration section */

/* Begin XCConfigurationList section */
		B5F7BF431BA9C95F00A75099 /* Build configuration list for PBXProject "iCookTV" */ = {
			isa = XCConfigurationList;
			buildConfigurations = (
				B5F7BF601BA9C95F00A75099 /* Debug */,
				B5F7BF611BA9C95F00A75099 /* Release */,
			);
			defaultConfigurationIsVisible = 0;
			defaultConfigurationName = Release;
		};
		B5F7BF621BA9C95F00A75099 /* Build configuration list for PBXNativeTarget "iCookTV" */ = {
			isa = XCConfigurationList;
			buildConfigurations = (
				B5F7BF631BA9C95F00A75099 /* Debug */,
				B5F7BF641BA9C95F00A75099 /* Release */,
			);
			defaultConfigurationIsVisible = 0;
			defaultConfigurationName = Release;
		};
		B5F7BF651BA9C95F00A75099 /* Build configuration list for PBXNativeTarget "iCookTVTests" */ = {
			isa = XCConfigurationList;
			buildConfigurations = (
				B5F7BF661BA9C95F00A75099 /* Debug */,
				B5F7BF671BA9C95F00A75099 /* Release */,
			);
			defaultConfigurationIsVisible = 0;
			defaultConfigurationName = Release;
		};
/* End XCConfigurationList section */
	};
	rootObject = B5F7BF401BA9C95F00A75099 /* Project object */;
}
